Microsoft Visual Studio Solution File, Format Version 11.00
# Visual Studio 2008

Project("{EABF0314-C7E2-096E-96F4-DA93CB6F9B1D}") = "Wildlife Survivor", "Assembly-CSharp-firstpass.csproj", "{92FB9277-3EF3-60D8-133B-641ABDFF6CCC}"
EndProject
Project("{EABF0314-C7E2-096E-96F4-DA93CB6F9B1D}") = "Wildlife Survivor", "Assembly-CSharp.csproj", "{59A0C9FE-31F9-EFD1-5DCA-88FAD85273A4}"
EndProject
Project("{EABF0314-C7E2-096E-96F4-DA93CB6F9B1D}") = "Wildlife Survivor", "Assembly-CSharp-Editor.csproj", "{49D6352C-E125-9D6D-847F-EA7699E10E62}"
EndProject
Global
	GlobalSection(SolutionConfigurationPlatforms) = preSolution
		Debug|Any CPU = Debug|Any CPU
		Release|Any CPU = Release|Any CPU
	EndGlobalSection
	GlobalSection(ProjectConfigurationPlatforms) = postSolution
		{92FB9277-3EF3-60D8-133B-641ABDFF6CCC}.Debug|Any CPU.ActiveCfg = Debug|Any CPU
		{92FB9277-3EF3-60D8-133B-641ABDFF6CCC}.Debug|Any CPU.Build.0 = Debug|Any CPU
		{92FB9277-3EF3-60D8-133B-641ABDFF6CCC}.Release|Any CPU.ActiveCfg = Release|Any CPU
		{92FB9277-3EF3-60D8-133B-641ABDFF6CCC}.Release|Any CPU.Build.0 = Release|Any CPU
		{59A0C9FE-31F9-EFD1-5DCA-88FAD85273A4}.Debug|Any CPU.ActiveCfg = Debug|Any CPU
		{59A0C9FE-31F9-EFD1-5DCA-88FAD85273A4}.Debug|Any CPU.Build.0 = Debug|Any CPU
		{59A0C9FE-31F9-EFD1-5DCA-88FAD85273A4}.Release|Any CPU.ActiveCfg = Release|Any CPU
		{59A0C9FE-31F9-EFD1-5DCA-88FAD85273A4}.Release|Any CPU.Build.0 = Release|Any CPU
		{49D6352C-E125-9D6D-847F-EA7699E10E62}.Debug|Any CPU.ActiveCfg = Debug|Any CPU
		{49D6352C-E125-9D6D-847F-EA7699E10E62}.Debug|Any CPU.Build.0 = Debug|Any CPU
		{49D6352C-E125-9D6D-847F-EA7699E10E62}.Release|Any CPU.ActiveCfg = Release|Any CPU
		{49D6352C-E125-9D6D-847F-EA7699E10E62}.Release|Any CPU.Build.0 = Release|Any CPU
	EndGlobalSection
	GlobalSection(SolutionProperties) = preSolution
		HideSolutionNode = FALSE
	EndGlobalSection
	GlobalSection(MonoDevelopProperties) = preSolution
		StartupItem = Assembly-CSharp.csproj
	EndGlobalSection
EndGlobal
